
Microsoft Visual Studio Solution File, Format Version 12.00
# Visual Studio 15
VisualStudioVersion = 15.0.28010.2026
MinimumVisualStudioVersion = 10.0.40219.1
Project("{9A19103F-16F7-4668-BE54-9A1E7A4F7556}") = "AutofacOnFunctions.Samples.NetStandard", "AutofacOnFunctions.Samples.NetStandard\AutofacOnFunctions.Samples.NetStandard.csproj", "{3266B4C9-2F38-44E3-B25F-F68F5A4C0B2D}"
EndProject
Global
	GlobalSection(SolutionConfigurationPlatforms) = preSolution
		Debug|Any CPU = Debug|Any CPU
		Release|Any CPU = Release|Any CPU
	EndGlobalSection
	GlobalSection(ProjectConfigurationPlatforms) = postSolution
		{3266B4C9-2F38-44E3-B25F-F68F5A4C0B2D}.Debug|Any CPU.ActiveCfg = Debug|Any CPU
		{3266B4C9-2F38-44E3-B25F-F68F5A4C0B2D}.Debug|Any CPU.Build.0 = Debug|Any CPU
		{3266B4C9-2F38-44E3-B25F-F68F5A4C0B2D}.Release|Any CPU.ActiveCfg = Release|Any CPU
		{3266B4C9-2F38-44E3-B25F-F68F5A4C0B2D}.Release|Any CPU.Build.0 = Release|Any CPU
	EndGlobalSection
	GlobalSection(SolutionProperties) = preSolution
		HideSolutionNode = FALSE
	EndGlobalSection
	GlobalSection(ExtensibilityGlobals) = postSolution
		SolutionGuid = {6B8D41DA-0377-43CC-8D24-42C246E3458A}
	EndGlobalSection
EndGlobal
